Microsoft Visual Studio Solution File, Format Version 12.00
# Visual Studio Version 17
VisualStudioVersion = 17.5.2.0
MinimumVisualStudioVersion = 10.0.40219.1
Project("{2150E333-8FDC-42A3-9474-1A3956D46DE8}") = "csharp", "csharp", "{B41BF331-FCCB-2ADF-CDB6-767964B34647}"
EndProject
Project("{FAE04EC0-301F-11D3-BF4B-00C04F79EFBC}") = "PageCount", "csharp\PageCount.csproj", "{A03EF39C-D685-8188-5D11-487078981A4B}"
EndProject
Global
	GlobalSection(SolutionConfigurationPlatforms) = preSolution
		Debug|Any CPU = Debug|Any CPU
		Release|Any CPU = Release|Any CPU
	EndGlobalSection
	GlobalSection(ProjectConfigurationPlatforms) = postSolution
		{A03EF39C-D685-8188-5D11-487078981A4B}.Debug|Any CPU.ActiveCfg = Debug|Any CPU
		{A03EF39C-D685-8188-5D11-487078981A4B}.Debug|Any CPU.Build.0 = Debug|Any CPU
		{A03EF39C-D685-8188-5D11-487078981A4B}.Release|Any CPU.ActiveCfg = Release|Any CPU
		{A03EF39C-D685-8188-5D11-487078981A4B}.Release|Any CPU.Build.0 = Release|Any CPU
	EndGlobalSection
	GlobalSection(SolutionProperties) = preSolution
		HideSolutionNode = FALSE
	EndGlobalSection
	GlobalSection(NestedProjects) = preSolution
		{A03EF39C-D685-8188-5D11-487078981A4B} = {B41BF331-FCCB-2ADF-CDB6-767964B34647}
	EndGlobalSection
	GlobalSection(ExtensibilityGlobals) = postSolution
		SolutionGuid = {A196AA3D-C555-4F1F-90F4-2574F7DEE44B}
	EndGlobalSection
EndGlobal
